// !$*UTF8*$!
{
	archiveVersion = 1;
	classes = {
	};
	objectVersion = 55;
	objects = {

/* Begin PBXBuildFile section */
		24FF156E68722367DF170A09 /* Pods_CeleryKit_iOS.framework in Frameworks */ = {isa = PBXBuildFile; fileRef = E2F704F89B8C7846ADB93401 /* Pods_CeleryKit_iOS.framework */; };
		E2ABEF2528675A4D0011CE50 /* CeleryKit_iOSApp.swift in Sources */ = {isa = PBXBuildFile; fileRef = E2ABEF2428675A4D0011CE50 /* CeleryKit_iOSApp.swift */; };
		E2ABEF2728675A4D0011CE50 /* ContentView.swift in Sources */ = {isa = PBXBuildFile; fileRef = E2ABEF2628675A4D0011CE50 /* ContentView.swift */; };
		E2ABEF2928675A510011CE50 /* Assets.xcassets in Resources */ = {isa = PBXBuildFile; fileRef = E2ABEF2828675A510011CE50 /* Assets.xcassets */; };
		E2ABEF2C28675A510011CE50 /* Preview Assets.xcassets in Resources */ = {isa = PBXBuildFile; fileRef = E2ABEF2B28675A510011CE50 /* Preview Assets.xcassets */; };
/* End PBXBuildFile section */

/* Begin PBXFileReference section */
		197C289512CA17F1A2581A58 /* Pods-CeleryKit-iOS.debug.xcconfig */ = {isa = PBXFileReference; includeInIndex = 1; lastKnownFileType = text.xcconfig; name = "Pods-CeleryKit-iOS.debug.xcconfig"; path = "Target Support Files/Pods-CeleryKit-iOS/Pods-CeleryKit-iOS.debug.xcconfig"; sourceTree = "<group>"; };
		864D78A8FCA177D74B64022A /* Pods-CeleryKit-iOS.release.xcconfig */ = {isa = PBXFileReference; includeInIndex = 1; lastKnownFileType = text.xcconfig; name = "Pods-CeleryKit-iOS.release.xcconfig"; path = "Target Support Files/Pods-CeleryKit-iOS/Pods-CeleryKit-iOS.release.xcconfig"; sourceTree = "<group>"; };
		E2ABEF2128675A4D0011CE50 /* CeleryKit-iOS.app */ = {isa = PBXFileReference; explicitFileType = wrapper.application; includeInIndex = 0; path = "CeleryKit-iOS.app"; sourceTree = BUILT_PRODUCTS_DIR; };
		E2ABEF2428675A4D0011CE50 /* CeleryKit_iOSApp.swift */ = {isa = PBXFileReference; lastKnownFileType = sourcecode.swift; path = CeleryKit_iOSApp.swift; sourceTree = "<group>"; };
		E2ABEF2628675A4D0011CE50 /* ContentView.swift */ = {isa = PBXFileReference; lastKnownFileType = sourcecode.swift; path = ContentView.swift; sourceTree = "<group>"; };
		E2ABEF2828675A510011CE50 /* Assets.xcassets */ = {isa = PBXFileReference; lastKnownFileType = folder.assetcatalog; path = Assets.xcassets; sourceTree = "<group>"; };
		E2ABEF2B28675A510011CE50 /* Preview Assets.xcassets */ = {isa = PBXFileReference; lastKnownFileType = folder.assetcatalog; path = "Preview Assets.xcassets"; sourceTree = "<group>"; };
		E2F704F89B8C7846ADB93401 /* Pods_CeleryKit_iOS.framework */ = {isa = PBXFileReference; explicitFileType = wrapper.framework; includeInIndex = 0; path = Pods_CeleryKit_iOS.framework; sourceTree = BUILT_PRODUCTS_DIR; };
/* End PBXFileReference section */

/* Begin PBXFrameworksBuildPhase section */
		E2ABEF1E28675A4D0011CE50 /* Frameworks */ = {
			isa = PBXFrameworksBuildPhase;
			buildActionMask = 2147483647;
			files = (
				24FF156E68722367DF170A09 /* Pods_CeleryKit_iOS.framework in Frameworks */,
			);
			runOnlyForDeploymentPostprocessing = 0;
		};
/* End PBXFrameworksBuildPhase section */

/* Begin PBXGroup section */
		79DBE934A8F6E3371578145D /* Frameworks */ = {
			isa = PBXGroup;
			children = (
				E2F704F89B8C7846ADB93401 /* Pods_CeleryKit_iOS.framework */,
			);
			name = Frameworks;
			sourceTree = "<group>";
		};
		89BDCF64347315721D872D71 /* Pods */ = {
			isa = PBXGroup;
			children = (
				197C289512CA17F1A2581A58 /* Pods-CeleryKit-iOS.debug.xcconfig */,
				864D78A8FCA177D74B64022A /* Pods-CeleryKit-iOS.release.xcconfig */,
			);
			path = Pods;
			sourceTree = "<group>";
		};
		E2ABEF1828675A4D0011CE50 = {
			isa = PBXGroup;
			children = (
				E2ABEF2328675A4D0011CE50 /* CeleryKit-iOS */,
				E2ABEF2228675A4D0011CE50 /* Products */,
				89BDCF64347315721D872D71 /* Pods */,
				79DBE934A8F6E3371578145D /* Frameworks */,
			);
			sourceTree = "<group>";
		};
		E2ABEF2228675A4D0011CE50 /* Products */ = {
			isa = PBXGroup;
			children = (
				E2ABEF2128675A4D0011CE50 /* CeleryKit-iOS.app */,
			);
			name = Products;
			sourceTree = "<group>";
		};
		E2ABEF2328675A4D0011CE50 /* CeleryKit-iOS */ = {
			isa = PBXGroup;
			children = (
				E2EA7E64286FD18200E69D6B /* Celery */,
				E2CEC1252867E21400011036 /* Views */,
				E2ABEF2428675A4D0011CE50 /* CeleryKit_iOSApp.swift */,
				E2ABEF2628675A4D0011CE50 /* ContentView.swift */,
				E2ABEF2828675A510011CE50 /* Assets.xcassets */,
				E2ABEF2A28675A510011CE50 /* Preview Content */,
			);
			path = "CeleryKit-iOS";
			sourceTree = "<group>";
		};
		E2ABEF2A28675A510011CE50 /* Preview Content */ = {
			isa = PBXGroup;
			children = (
				E2ABEF2B28675A510011CE50 /* Preview Assets.xcassets */,
			);
			path = "Preview Content";
			sourceTree = "<group>";
		};
		E2CEC1252867E21400011036 /* Views */ = {
			isa = PBXGroup;
			children = (
			);
			path = Views;
			sourceTree = "<group>";
		};
		E2EA7E64286FD18200E69D6B /* Celery */ = {
			isa = PBXGroup;
			children = (
			);
			path = Celery;
			sourceTree = "<group>";
		};
/* End PBXGroup section */

/* Begin PBXNativeTarget section */
		E2ABEF2028675A4D0011CE50 /* CeleryKit-iOS */ = {
			isa = PBXNativeTarget;
			buildConfigurationList = E2ABEF2F28675A510011CE50 /* Build configuration list for PBXNativeTarget "CeleryKit-iOS" */;
			buildPhases = (
				56D1D9F8763111FBFC6A2E0E /* [CP] Check Pods Manifest.lock */,
				E2ABEF1D28675A4D0011CE50 /* Sources */,
				E2ABEF1E28675A4D0011CE50 /* Frameworks */,
				E2ABEF1F28675A4D0011CE50 /* Resources */,
			);
			buildRules = (
			);
			dependencies = (
			);
			name = "CeleryKit-iOS";
			productName = "CeleryKit-iOS";
			productReference = E2ABEF2128675A4D0011CE50 /* CeleryKit-iOS.app */;
			productType = "com.apple.product-type.application";
		};
/* End PBXNativeTarget section */

/* Begin PBXProject section */
		E2ABEF1928675A4D0011CE50 /* Project object */ = {
			isa = PBXProject;
			attributes = {
				BuildIndependentTargetsInParallel = 1;
				LastSwiftUpdateCheck = 1340;
				LastUpgradeCheck = 1340;
				TargetAttributes = {
					E2ABEF2028675A4D0011CE50 = {
						CreatedOnToolsVersion = 13.4.1;
					};
				};
			};
			buildConfigurationList = E2ABEF1C28675A4D0011CE50 /* Build configuration list for PBXProject "CeleryKit-iOS" */;
			compatibilityVersion = "Xcode 13.0";
			developmentRegion = en;
			hasScannedForEncodings = 0;
			knownRegions = (
				en,
				Base,
			);
			mainGroup = E2ABEF1828675A4D0011CE50;
			productRefGroup = E2ABEF2228675A4D0011CE50 /* Products */;
			projectDirPath = "";
			projectRoot = "";
			targets = (
				E2ABEF2028675A4D0011CE50 /* CeleryKit-iOS */,
			);
		};
/* End PBXProject section */

/* Begin PBXResourcesBuildPhase section */
		E2ABEF1F28675A4D0011CE50 /* Resources */ = {
			isa = PBXResourcesBuildPhase;
			buildActionMask = 2147483647;
			files = (
				E2ABEF2C28675A510011CE50 /* Preview Assets.xcassets in Resources */,
				E2ABEF2928675A510011CE50 /* Assets.xcassets in Resources */,
			);
			runOnlyForDeploymentPostprocessing = 0;
		};
/* End PBXResourcesBuildPhase section */

/* Begin PBXShellScriptBuildPhase section */
		56D1D9F8763111FBFC6A2E0E /* [CP] Check Pods Manifest.lock */ = {
			isa = PBXShellScriptBuildPhase;
			buildActionMask = 2147483647;
			files = (
			);
			inputFileListPaths = (
			);
			inputPaths = (
				"${PODS_PODFILE_DIR_PATH}/Podfile.lock",
				"${PODS_ROOT}/Manifest.lock",
			);
			name = "[CP] Check Pods Manifest.lock";
			outputFileListPaths = (
			);
			outputPaths = (
				"$(DERIVED_FILE_DIR)/Pods-CeleryKit-iOS-checkManifestLockResult.txt",
			);
			runOnlyForDeploymentPostprocessing = 0;
			shellPath = /bin/sh;
			shellScript = "diff \"${PODS_PODFILE_DIR_PATH}/Podfile.lock\" \"${PODS_ROOT}/Manifest.lock\" > /dev/null\nif [ $? != 0 ] ; then\n    # print error to STDERR\n    echo \"error: The sandbox is not in sync with the Podfile.lock. Run 'pod install' or update your CocoaPods installation.\" >&2\n    exit 1\nfi\n# This output is used by Xcode 'outputs' to avoid re-running this script phase.\necho \"SUCCESS\" > \"${SCRIPT_OUTPUT_FILE_0}\"\n";
			showEnvVarsInLog = 0;
		};
/* End PBXShellScriptBuildPhase section */

/* Begin PBXSourcesBuildPhase section */
		E2ABEF1D28675A4D0011CE50 /* Sources */ = {
			isa = PBXSourcesBuildPhase;
			buildActionMask = 2147483647;
			files = (
				E2ABEF2728675A4D0011CE50 /* ContentView.swift in Sources */,
				E2ABEF2528675A4D0011CE50 /* CeleryKit_iOSApp.swift in Sources */,
			);
			runOnlyForDeploymentPostprocessing = 0;
		};
/* End PBXSourcesBuildPhase section */

/* Begin XCBuildConfiguration section */
		E2ABEF2D28675A510011CE50 /* Debug */ = {
			isa = XCBuildConfiguration;
			buildSettings = {
				ALWAYS_SEARCH_USER_PATHS = NO;
				CLANG_ANALYZER_NONNULL = YES;
				CLANG_ANALYZER_NUMBER_OBJECT_CONVERSION = YES_AGGRESSIVE;
				CLANG_CXX_LANGUAGE_STANDARD = "gnu++17";
				CLANG_ENABLE_MODULES = YES;
				CLANG_ENABLE_OBJC_ARC = YES;
				CLANG_ENABLE_OBJC_WEAK = YES;
				CLANG_WARN_BLOCK_CAPTURE_AUTORELEASING = YES;
				CLANG_WARN_BOOL_CONVERSION = YES;
				CLANG_WARN_COMMA = YES;
				CLANG_WARN_CONSTANT_CONVERSION = YES;
				CLANG_WARN_DEPRECATED_OBJC_IMPLEMENTATIONS = YES;
				CLANG_WARN_DIRECT_OBJC_ISA_USAGE = YES_ERROR;
				CLANG_WARN_DOCUMENTATION_COMMENTS = YES;
				CLANG_WARN_EMPTY_BODY = YES;
				CLANG_WARN_ENUM_CONVERSION = YES;
				CLANG_WARN_INFINITE_RECURSION = YES;
				CLANG_WARN_INT_CONVERSION = YES;
				CLANG_WARN_NON_LITERAL_NULL_CONVERSION = YES;
				CLANG_WARN_OBJC_IMPLICIT_RETAIN_SELF = YES;
				CLANG_WARN_OBJC_LITERAL_CONVERSION = YES;
				CLANG_WARN_OBJC_ROOT_CLASS = YES_ERROR;
				CLANG_WARN_QUOTED_INCLUDE_IN_FRAMEWORK_HEADER = YES;
				CLANG_WARN_RANGE_LOOP_ANALYSIS = YES;
				CLANG_WARN_STRICT_PROTOTYPES = YES;
				CLANG_WARN_SUSPICIOUS_MOVE = YES;
				CLANG_WARN_UNGUARDED_AVAILABILITY = YES_AGGRESSIVE;
				CLANG_WARN_UNREACHABLE_CODE = YES;
				CLANG_WARN__DUPLICATE_METHOD_MATCH = YES;
				COPY_PHASE_STRIP = NO;
				DEBUG_INFORMATION_FORMAT = dwarf;
				ENABLE_STRICT_OBJC_MSGSEND = YES;
				ENABLE_TESTABILITY = YES;
				GCC_C_LANGUAGE_STANDARD = gnu11;
				GCC_DYNAMIC_NO_PIC = NO;
				GCC_NO_COMMON_BLOCKS = YES;
				GCC_OPTIMIZATION_LEVEL = 0;
				GCC_PREPROCESSOR_DEFINITIONS = (
					"DEBUG=1",
					"$(inherited)",
				);
				GCC_WARN_64_TO_32_BIT_CONVERSION = YES;
				GCC_WARN_ABOUT_RETURN_TYPE = YES_ERROR;
				GCC_WARN_UNDECLARED_SELECTOR = YES;
				GCC_WARN_UNINITIALIZED_AUTOS = YES_AGGRESSIVE;
				GCC_WARN_UNUSED_FUNCTION = YES;
				GCC_WARN_UNUSED_VARIABLE = YES;
				IPHONEOS_DEPLOYMENT_TARGET = 15.5;
				MTL_ENABLE_DEBUG_INFO = INCLUDE_SOURCE;
				MTL_FAST_MATH = YES;
				ONLY_ACTIVE_ARCH = YES;
				SDKROOT = iphoneos;
				SWIFT_ACTIVE_COMPILATION_CONDITIONS = DEBUG;
				SWIFT_OPTIMIZATION_LEVEL = "-Onone";
			};
			name = Debug;
		};
		E2ABEF2E28675A510011CE50 /* Release */ = {
			isa = XCBuildConfiguration;
			buildSettings = {
				ALWAYS_SEARCH_USER_PATHS = NO;
				CLANG_ANALYZER_NONNULL = YES;
				CLANG_ANALYZER_NUMBER_OBJECT_CONVERSION = YES_AGGRESSIVE;
				CLANG_CXX_LANGUAGE_STANDARD = "gnu++17";
				CLANG_ENABLE_MODULES = YES;
				CLANG_ENABLE_OBJC_ARC = YES;
				CLANG_ENABLE_OBJC_WEAK = YES;
				CLANG_WARN_BLOCK_CAPTURE_AUTORELEASING = YES;
				CLANG_WARN_BOOL_CONVERSION = YES;
				CLANG_WARN_COMMA = YES;
				CLANG_WARN_CONSTANT_CONVERSION = YES;
				CLANG_WARN_DEPRECATED_OBJC_IMPLEMENTATIONS = YES;
				CLANG_WARN_DIRECT_OBJC_ISA_USAGE = YES_ERROR;
				CLANG_WARN_DOCUMENTATION_COMMENTS = YES;
				CLANG_WARN_EMPTY_BODY = YES;
				CLANG_WARN_ENUM_CONVERSION = YES;
				CLANG_WARN_INFINITE_RECURSION = YES;
				CLANG_WARN_INT_CONVERSION = YES;
				CLANG_WARN_NON_LITERAL_NULL_CONVERSION = YES;
				CLANG_WARN_OBJC_IMPLICIT_RETAIN_SELF = YES;
				CLANG_WARN_OBJC_LITERAL_CONVERSION = YES;
				CLANG_WARN_OBJC_ROOT_CLASS = YES_ERROR;
				CLANG_WARN_QUOTED_INCLUDE_IN_FRAMEWORK_HEADER = YES;
				CLANG_WARN_RANGE_LOOP_ANALYSIS = YES;
				CLANG_WARN_STRICT_PROTOTYPES = YES;
				CLANG_WARN_SUSPICIOUS_MOVE = YES;
				CLANG_WARN_UNGUARDED_AVAILABILITY = YES_AGGRESSIVE;
				CLANG_WARN_UNREACHABLE_CODE = YES;
				CLANG_WARN__DUPLICATE_METHOD_MATCH = YES;
				COPY_PHASE_STRIP = NO;
				DEBUG_INFORMATION_FORMAT = "dwarf-with-dsym";
				ENABLE_NS_ASSERTIONS = NO;
				ENABLE_STRICT_OBJC_MSGSEND = YES;
				GCC_C_LANGUAGE_STANDARD = gnu11;
				GCC_NO_COMMON_BLOCKS = YES;
				GCC_WARN_64_TO_32_BIT_CONVERSION = YES;
				GCC_WARN_ABOUT_RETURN_TYPE = YES_ERROR;
				GCC_WARN_UNDECLARED_SELECTOR = YES;
				GCC_WARN_UNINITIALIZED_AUTOS = YES_AGGRESSIVE;
				GCC_WARN_UNUSED_FUNCTION = YES;
				GCC_WARN_UNUSED_VARIABLE = YES;
				IPHONEOS_DEPLOYMENT_TARGET = 15.5;
				MTL_ENABLE_DEBUG_INFO = NO;
				MTL_FAST_MATH = YES;
				SDKROOT = iphoneos;
				SWIFT_COMPILATION_MODE = wholemodule;
				SWIFT_OPTIMIZATION_LEVEL = "-O";
				VALIDATE_PRODUCT = YES;
			};
			name = Release;
		};
		E2ABEF3028675A510011CE50 /* Debug */ = {
			isa = XCBuildConfiguration;
			baseConfigurationReference = 197C289512CA17F1A2581A58 /* Pods-CeleryKit-iOS.debug.xcconfig */;
			buildSettings = {
				ASSETCATALOG_COMPILER_APPICON_NAME = AppIcon;
				ASSETCATALOG_COMPILER_GLOBAL_ACCENT_COLOR_NAME = AccentColor;
				CODE_SIGN_STYLE = Automatic;
				CURRENT_PROJECT_VERSION = 1;
				DEVELOPMENT_ASSET_PATHS = "\"CeleryKit-iOS/Preview Content\"";
				DEVELOPMENT_TEAM = YQ8KLDD56B;
				ENABLE_PREVIEWS = YES;
				GENERATE_INFOPLIST_FILE = YES;
				INFOPLIST_KEY_UIApplicationSceneManifest_Generation = YES;
				INFOPLIST_KEY_UIApplicationSupportsIndirectInputEvents = YES;
				INFOPLIST_KEY_UILaunchScreen_Generation = YES;
				INFOPLIST_KEY_UISupportedInterfaceOrientations_iPad = "UIInterfaceOrientationPortrait UIInterfaceOrientationPortraitUpsideDown UIInterfaceOrientationLandscapeLeft UIInterfaceOrientationLandscapeRight";
				INFOPLIST_KEY_UISupportedInterfaceOrientations_iPhone = "UIInterfaceOrientationPortrait UIInterfaceOrientationLandscapeLeft UIInterfaceOrientationLandscapeRight";
				LD_RUNPATH_SEARCH_PATHS = (
					"$(inherited)",
					"@executable_path/Frameworks",
				);
				MARKETING_VERSION = 1.0;
				PRODUCT_BUNDLE_IDENTIFIER = "Usbn.CeleryKit-iOS";
				PRODUCT_NAME = "$(TARGET_NAME)";
				SWIFT_EMIT_LOC_STRINGS = YES;
				SWIFT_VERSION = 5.0;
				TARGETED_DEVICE_FAMILY = "1,2";
			};
			name = Debug;
		};
		E2ABEF3128675A510011CE50 /* Release */ = {
			isa = XCBuildConfiguration;
			baseConfigurationReference = 864D78A8FCA177D74B64022A /* Pods-CeleryKit-iOS.release.xcconfig */;
			buildSettings = {
				ASSETCATALOG_COMPILER_APPICON_NAME = AppIcon;
				ASSETCATALOG_COMPILER_GLOBAL_ACCENT_COLOR_NAME = AccentColor;
				CODE_SIGN_STYLE = Automatic;
				CURRENT_PROJECT_VERSION = 1;
				DEVELOPMENT_ASSET_PATHS = "\"CeleryKit-iOS/Preview Content\"";
				DEVELOPMENT_TEAM = YQ8KLDD56B;
				ENABLE_PREVIEWS = YES;
				GENERATE_INFOPLIST_FILE = YES;
				INFOPLIST_KEY_UIApplicationSceneManifest_Generation = YES;
				INFOPLIST_KEY_UIApplicationSupportsIndirectInputEvents = YES;
				INFOPLIST_KEY_UILaunchScreen_Generation = YES;
				INFOPLIST_KEY_UISupportedInterfaceOrientations_iPad = "UIInterfaceOrientationPortrait UIInterfaceOrientationPortraitUpsideDown UIInterfaceOrientationLandscapeLeft UIInterfaceOrientationLandscapeRight";
				INFOPLIST_KEY_UISupportedInterfaceOrientations_iPhone = "UIInterfaceOrientationPortrait UIInterfaceOrientationLandscapeLeft UIInterfaceOrientationLandscapeRight";
				LD_RUNPATH_SEARCH_PATHS = (
					"$(inherited)",
					"@executable_path/Frameworks",
				);
				MARKETING_VERSION = 1.0;
				PRODUCT_BUNDLE_IDENTIFIER = "Usbn.CeleryKit-iOS";
				PRODUCT_NAME = "$(TARGET_NAME)";
				SWIFT_EMIT_LOC_STRINGS = YES;
				SWIFT_VERSION = 5.0;
				TARGETED_DEVICE_FAMILY = "1,2";
			};
			name = Release;
		};
/* End XCBuildConfiguration section */

/* Begin XCConfigurationList section */
		E2ABEF1C28675A4D0011CE50 /* Build configuration list for PBXProject "CeleryKit-iOS" */ = {
			isa = XCConfigurationList;
			buildConfigurations = (
				E2ABEF2D28675A510011CE50 /* Debug */,
				E2ABEF2E28675A510011CE50 /* Release */,
			);
			defaultConfigurationIsVisible = 0;
			defaultConfigurationName = Release;
		};
		E2ABEF2F28675A510011CE50 /* Build configuration list for PBXNativeTarget "CeleryKit-iOS" */ = {
			isa = XCConfigurationList;
			buildConfigurations = (
				E2ABEF3028675A510011CE50 /* Debug */,
				E2ABEF3128675A510011CE50 /* Release */,
			);
			defaultConfigurationIsVisible = 0;
			defaultConfigurationName = Release;
		};
/* End XCConfigurationList section */
	};
	rootObject = E2ABEF1928675A4D0011CE50 /* Project object */;
}
